// !$*UTF8*$!
{
	archiveVersion = 1;
	classes = {
	};
	objectVersion = 50;
	objects = {

/* Begin PBXBuildFile section */
		6F3EA24D2277B0CD009F6354 /* ShopItem.swift in Sources */ = {isa = PBXBuildFile; fileRef = 6F3EA24C2277B0CD009F6354 /* ShopItem.swift */; };
		6F3EA24F2277B387009F6354 /* ShopViewCell.swift in Sources */ = {isa = PBXBuildFile; fileRef = 6F3EA24E2277B387009F6354 /* ShopViewCell.swift */; };
		6F85AB5E2278E3F6006FDC6A /* UITextField+Extension.swift in Sources */ = {isa = PBXBuildFile; fileRef = 6F85AB5D2278E3F6006FDC6A /* UITextField+Extension.swift */; };
		6F85AB612278E6EE006FDC6A /* ShopCellPresenter.swift in Sources */ = {isa = PBXBuildFile; fileRef = 6F85AB602278E6EE006FDC6A /* ShopCellPresenter.swift */; };
		6F85AB642278F1B6006FDC6A /* UIButton+Extension.swift in Sources */ = {isa = PBXBuildFile; fileRef = 6F85AB632278F1B6006FDC6A /* UIButton+Extension.swift */; };
		6F85AB662278F52C006FDC6A /* BasketViewController.swift in Sources */ = {isa = PBXBuildFile; fileRef = 6F85AB652278F52C006FDC6A /* BasketViewController.swift */; };
		6F85AB702278F6CB006FDC6A /* BasketPresenter.swift in Sources */ = {isa = PBXBuildFile; fileRef = 6F85AB6F2278F6CB006FDC6A /* BasketPresenter.swift */; };
		6F85AB722278FB76006FDC6A /* BasketCell.swift in Sources */ = {isa = PBXBuildFile; fileRef = 6F85AB712278FB76006FDC6A /* BasketCell.swift */; };
		6F85AB742279018E006FDC6A /* CurrencyCell.swift in Sources */ = {isa = PBXBuildFile; fileRef = 6F85AB732279018E006FDC6A /* CurrencyCell.swift */; };
		6F85AB7622790341006FDC6A /* CurrencyPairModel.swift in Sources */ = {isa = PBXBuildFile; fileRef = 6F85AB7522790341006FDC6A /* CurrencyPairModel.swift */; };
		6F8A4D8022765A24009E2865 /* AppDelegate.swift in Sources */ = {isa = PBXBuildFile; fileRef = 6F8A4D7F22765A24009E2865 /* AppDelegate.swift */; };
		6F8A4D8222765A24009E2865 /* ShopViewController.swift in Sources */ = {isa = PBXBuildFile; fileRef = 6F8A4D8122765A24009E2865 /* ShopViewController.swift */; };
		6F8A4D8522765A24009E2865 /* Main.storyboard in Resources */ = {isa = PBXBuildFile; fileRef = 6F8A4D8322765A24009E2865 /* Main.storyboard */; };
		6F8A4D8722765A26009E2865 /* Assets.xcassets in Resources */ = {isa = PBXBuildFile; fileRef = 6F8A4D8622765A26009E2865 /* Assets.xcassets */; };
		6F8A4D8A22765A26009E2865 /* LaunchScreen.storyboard in Resources */ = {isa = PBXBuildFile; fileRef = 6F8A4D8822765A26009E2865 /* LaunchScreen.storyboard */; };
		6F8A4D9522765A26009E2865 /* testBasketTests.swift in Sources */ = {isa = PBXBuildFile; fileRef = 6F8A4D9422765A26009E2865 /* testBasketTests.swift */; };
		6F8A4DA022765A26009E2865 /* testBasketUITests.swift in Sources */ = {isa = PBXBuildFile; fileRef = 6F8A4D9F22765A26009E2865 /* testBasketUITests.swift */; };
		6F8A4DB022765E82009E2865 /* CurrencyService.swift in Sources */ = {isa = PBXBuildFile; fileRef = 6F8A4DAF22765E82009E2865 /* CurrencyService.swift */; };
		6F8A4DB22276600C009E2865 /* CurrencyPairs.swift in Sources */ = {isa = PBXBuildFile; fileRef = 6F8A4DB12276600C009E2865 /* CurrencyPairs.swift */; };
		6F8A4DB42276695D009E2865 /* ShopPresenter.swift in Sources */ = {isa = PBXBuildFile; fileRef = 6F8A4DB32276695D009E2865 /* ShopPresenter.swift */; };
/* End PBXBuildFile section */

/* Begin PBXContainerItemProxy section */
		6F8A4D9122765A26009E2865 /* PBXContainerItemProxy */ = {
			isa = PBXContainerItemProxy;
			containerPortal = 6F8A4D7422765A24009E2865 /* Project object */;
			proxyType = 1;
			remoteGlobalIDString = 6F8A4D7B22765A24009E2865;
			remoteInfo = testBasket;
		};
		6F8A4D9C22765A26009E2865 /* PBXContainerItemProxy */ = {
			isa = PBXContainerItemProxy;
			containerPortal = 6F8A4D7422765A24009E2865 /* Project object */;
			proxyType = 1;
			remoteGlobalIDString = 6F8A4D7B22765A24009E2865;
			remoteInfo = testBasket;
		};
/* End PBXContainerItemProxy section */

/* Begin PBXFileReference section */
		6F3EA24C2277B0CD009F6354 /* ShopItem.swift */ = {isa = PBXFileReference; lastKnownFileType = sourcecode.swift; path = ShopItem.swift; sourceTree = "<group>"; };
		6F3EA24E2277B387009F6354 /* ShopViewCell.swift */ = {isa = PBXFileReference; lastKnownFileType = sourcecode.swift; path = ShopViewCell.swift; sourceTree = "<group>"; };
		6F85AB5D2278E3F6006FDC6A /* UITextField+Extension.swift */ = {isa = PBXFileReference; lastKnownFileType = sourcecode.swift; path = "UITextField+Extension.swift"; sourceTree = "<group>"; };
		6F85AB602278E6EE006FDC6A /* ShopCellPresenter.swift */ = {isa = PBXFileReference; lastKnownFileType = sourcecode.swift; path = ShopCellPresenter.swift; sourceTree = "<group>"; };
		6F85AB632278F1B6006FDC6A /* UIButton+Extension.swift */ = {isa = PBXFileReference; lastKnownFileType = sourcecode.swift; path = "UIButton+Extension.swift"; sourceTree = "<group>"; };
		6F85AB652278F52C006FDC6A /* BasketViewController.swift */ = {isa = PBXFileReference; lastKnownFileType = sourcecode.swift; path = BasketViewController.swift; sourceTree = "<group>"; };
		6F85AB6F2278F6CB006FDC6A /* BasketPresenter.swift */ = {isa = PBXFileReference; lastKnownFileType = sourcecode.swift; path = BasketPresenter.swift; sourceTree = "<group>"; };
		6F85AB712278FB76006FDC6A /* BasketCell.swift */ = {isa = PBXFileReference; lastKnownFileType = sourcecode.swift; path = BasketCell.swift; sourceTree = "<group>"; };
		6F85AB732279018E006FDC6A /* CurrencyCell.swift */ = {isa = PBXFileReference; lastKnownFileType = sourcecode.swift; path = CurrencyCell.swift; sourceTree = "<group>"; };
		6F85AB7522790341006FDC6A /* CurrencyPairModel.swift */ = {isa = PBXFileReference; lastKnownFileType = sourcecode.swift; path = CurrencyPairModel.swift; sourceTree = "<group>"; };
		6F8A4D7C22765A24009E2865 /* testBasket.app */ = {isa = PBXFileReference; explicitFileType = wrapper.application; includeInIndex = 0; path = testBasket.app; sourceTree = BUILT_PRODUCTS_DIR; };
		6F8A4D7F22765A24009E2865 /* AppDelegate.swift */ = {isa = PBXFileReference; lastKnownFileType = sourcecode.swift; path = AppDelegate.swift; sourceTree = "<group>"; };
		6F8A4D8122765A24009E2865 /* ShopViewController.swift */ = {isa = PBXFileReference; lastKnownFileType = sourcecode.swift; path = ShopViewController.swift; sourceTree = "<group>"; };
		6F8A4D8422765A24009E2865 /* Base */ = {isa = PBXFileReference; lastKnownFileType = file.storyboard; name = Base; path = Base.lproj/Main.storyboard; sourceTree = "<group>"; };
		6F8A4D8622765A26009E2865 /* Assets.xcassets */ = {isa = PBXFileReference; lastKnownFileType = folder.assetcatalog; path = Assets.xcassets; sourceTree = "<group>"; };
		6F8A4D8922765A26009E2865 /* Base */ = {isa = PBXFileReference; lastKnownFileType = file.storyboard; name = Base; path = Base.lproj/LaunchScreen.storyboard; sourceTree = "<group>"; };
		6F8A4D8B22765A26009E2865 /* Info.plist */ = {isa = PBXFileReference; lastKnownFileType = text.plist.xml; path = Info.plist; sourceTree = "<group>"; };
		6F8A4D9022765A26009E2865 /* testBasketTests.xctest */ = {isa = PBXFileReference; explicitFileType = wrapper.cfbundle; includeInIndex = 0; path = testBasketTests.xctest; sourceTree = BUILT_PRODUCTS_DIR; };
		6F8A4D9422765A26009E2865 /* testBasketTests.swift */ = {isa = PBXFileReference; lastKnownFileType = sourcecode.swift; path = testBasketTests.swift; sourceTree = "<group>"; };
		6F8A4D9622765A26009E2865 /* Info.plist */ = {isa = PBXFileReference; lastKnownFileType = text.plist.xml; path = Info.plist; sourceTree = "<group>"; };
		6F8A4D9B22765A26009E2865 /* testBasketUITests.xctest */ = {isa = PBXFileReference; explicitFileType = wrapper.cfbundle; includeInIndex = 0; path = testBasketUITests.xctest; sourceTree = BUILT_PRODUCTS_DIR; };
		6F8A4D9F22765A26009E2865 /* testBasketUITests.swift */ = {isa = PBXFileReference; lastKnownFileType = sourcecode.swift; path = testBasketUITests.swift; sourceTree = "<group>"; };
		6F8A4DA122765A26009E2865 /* Info.plist */ = {isa = PBXFileReference; lastKnownFileType = text.plist.xml; path = Info.plist; sourceTree = "<group>"; };
		6F8A4DAF22765E82009E2865 /* CurrencyService.swift */ = {isa = PBXFileReference; lastKnownFileType = sourcecode.swift; path = CurrencyService.swift; sourceTree = "<group>"; };
		6F8A4DB12276600C009E2865 /* CurrencyPairs.swift */ = {isa = PBXFileReference; lastKnownFileType = sourcecode.swift; path = CurrencyPairs.swift; sourceTree = "<group>"; };
		6F8A4DB32276695D009E2865 /* ShopPresenter.swift */ = {isa = PBXFileReference; lastKnownFileType = sourcecode.swift; path = ShopPresenter.swift; sourceTree = "<group>"; };
/* End PBXFileReference section */

/* Begin PBXFrameworksBuildPhase section */
		6F8A4D7922765A24009E2865 /* Frameworks */ = {
			isa = PBXFrameworksBuildPhase;
			buildActionMask = 2147483647;
			files = (
			);
			runOnlyForDeploymentPostprocessing = 0;
		};
		6F8A4D8D22765A26009E2865 /* Frameworks */ = {
			isa = PBXFrameworksBuildPhase;
			buildActionMask = 2147483647;
			files = (
			);
			runOnlyForDeploymentPostprocessing = 0;
		};
		6F8A4D9822765A26009E2865 /* Frameworks */ = {
			isa = PBXFrameworksBuildPhase;
			buildActionMask = 2147483647;
			files = (
			);
			runOnlyForDeploymentPostprocessing = 0;
		};
/* End PBXFrameworksBuildPhase section */

/* Begin PBXGroup section */
		6F85AB5C2278E3E4006FDC6A /* Extensions */ = {
			isa = PBXGroup;
			children = (
				6F85AB5D2278E3F6006FDC6A /* UITextField+Extension.swift */,
				6F85AB632278F1B6006FDC6A /* UIButton+Extension.swift */,
			);
			path = Extensions;
			sourceTree = "<group>";
		};
		6F85AB5F2278E6C3006FDC6A /* Presenters */ = {
			isa = PBXGroup;
			children = (
				6F8A4DB32276695D009E2865 /* ShopPresenter.swift */,
				6F85AB602278E6EE006FDC6A /* ShopCellPresenter.swift */,
			);
			path = Presenters;
			sourceTree = "<group>";
		};
		6F85AB622278E7D0006FDC6A /* Views */ = {
			isa = PBXGroup;
			children = (
				6F3EA24E2277B387009F6354 /* ShopViewCell.swift */,
			);
			path = Views;
			sourceTree = "<group>";
		};
		6F85AB672278F53B006FDC6A /* ShopList */ = {
			isa = PBXGroup;
			children = (
				6F8A4DAE22765AD1009E2865 /* Models */,
				6F85AB6A2278F58B006FDC6A /* ViewControlers */,
				6F85AB5F2278E6C3006FDC6A /* Presenters */,
				6F85AB622278E7D0006FDC6A /* Views */,
			);
			path = ShopList;
			sourceTree = "<group>";
		};
		6F85AB682278F541006FDC6A /* Basket */ = {
			isa = PBXGroup;
			children = (
				6F8A4DAD22765AC5009E2865 /* Services */,
				6F85AB6E2278F5D2006FDC6A /* Presenters */,
				6F85AB6D2278F5CC006FDC6A /* Views */,
				6F85AB6C2278F5C4006FDC6A /* ViewControlers */,
				6F85AB6B2278F5AF006FDC6A /* Models */,
			);
			path = Basket;
			sourceTree = "<group>";
		};
		6F85AB6A2278F58B006FDC6A /* ViewControlers */ = {
			isa = PBXGroup;
			children = (
				6F8A4D8122765A24009E2865 /* ShopViewController.swift */,
			);
			path = ViewControlers;
			sourceTree = "<group>";
		};
		6F85AB6B2278F5AF006FDC6A /* Models */ = {
			isa = PBXGroup;
			children = (
				6F8A4DB12276600C009E2865 /* CurrencyPairs.swift */,
				6F85AB7522790341006FDC6A /* CurrencyPairModel.swift */,
			);
			path = Models;
			sourceTree = "<group>";
		};
		6F85AB6C2278F5C4006FDC6A /* ViewControlers */ = {
			isa = PBXGroup;
			children = (
				6F85AB652278F52C006FDC6A /* BasketViewController.swift */,
			);
			path = ViewControlers;
			sourceTree = "<group>";
		};
		6F85AB6D2278F5CC006FDC6A /* Views */ = {
			isa = PBXGroup;
			children = (
				6F85AB712278FB76006FDC6A /* BasketCell.swift */,
				6F85AB732279018E006FDC6A /* CurrencyCell.swift */,
			);
			path = Views;
			sourceTree = "<group>";
		};
		6F85AB6E2278F5D2006FDC6A /* Presenters */ = {
			isa = PBXGroup;
			children = (
				6F85AB6F2278F6CB006FDC6A /* BasketPresenter.swift */,
			);
			path = Presenters;
			sourceTree = "<group>";
		};
		6F8A4D7322765A24009E2865 = {
			isa = PBXGroup;
			children = (
				6F8A4D7E22765A24009E2865 /* testBasket */,
				6F8A4D9322765A26009E2865 /* testBasketTests */,
				6F8A4D9E22765A26009E2865 /* testBasketUITests */,
				6F8A4D7D22765A24009E2865 /* Products */,
			);
			sourceTree = "<group>";
		};
		6F8A4D7D22765A24009E2865 /* Products */ = {
			isa = PBXGroup;
			children = (
				6F8A4D7C22765A24009E2865 /* testBasket.app */,
				6F8A4D9022765A26009E2865 /* testBasketTests.xctest */,
				6F8A4D9B22765A26009E2865 /* testBasketUITests.xctest */,
			);
			name = Products;
			sourceTree = "<group>";
		};
		6F8A4D7E22765A24009E2865 /* testBasket */ = {
			isa = PBXGroup;
			children = (
				6F85AB682278F541006FDC6A /* Basket */,
				6F85AB672278F53B006FDC6A /* ShopList */,
				6F85AB5C2278E3E4006FDC6A /* Extensions */,
				6F8A4D7F22765A24009E2865 /* AppDelegate.swift */,
				6F8A4D8322765A24009E2865 /* Main.storyboard */,
				6F8A4D8622765A26009E2865 /* Assets.xcassets */,
				6F8A4D8822765A26009E2865 /* LaunchScreen.storyboard */,
				6F8A4D8B22765A26009E2865 /* Info.plist */,
			);
			path = testBasket;
			sourceTree = "<group>";
		};
		6F8A4D9322765A26009E2865 /* testBasketTests */ = {
			isa = PBXGroup;
			children = (
				6F8A4D9422765A26009E2865 /* testBasketTests.swift */,
				6F8A4D9622765A26009E2865 /* Info.plist */,
			);
			path = testBasketTests;
			sourceTree = "<group>";
		};
		6F8A4D9E22765A26009E2865 /* testBasketUITests */ = {
			isa = PBXGroup;
			children = (
				6F8A4D9F22765A26009E2865 /* testBasketUITests.swift */,
				6F8A4DA122765A26009E2865 /* Info.plist */,
			);
			path = testBasketUITests;
			sourceTree = "<group>";
		};
		6F8A4DAD22765AC5009E2865 /* Services */ = {
			isa = PBXGroup;
			children = (
				6F8A4DAF22765E82009E2865 /* CurrencyService.swift */,
			);
			path = Services;
			sourceTree = "<group>";
		};
		6F8A4DAE22765AD1009E2865 /* Models */ = {
			isa = PBXGroup;
			children = (
				6F3EA24C2277B0CD009F6354 /* ShopItem.swift */,
			);
			path = Models;
			sourceTree = "<group>";
		};
/* End PBXGroup section */

/* Begin PBXNativeTarget section */
		6F8A4D7B22765A24009E2865 /* testBasket */ = {
			isa = PBXNativeTarget;
			buildConfigurationList = 6F8A4DA422765A26009E2865 /* Build configuration list for PBXNativeTarget "testBasket" */;
			buildPhases = (
				6F8A4D7822765A24009E2865 /* Sources */,
				6F8A4D7922765A24009E2865 /* Frameworks */,
				6F8A4D7A22765A24009E2865 /* Resources */,
			);
			buildRules = (
			);
			dependencies = (
			);
			name = testBasket;
			productName = testBasket;
			productReference = 6F8A4D7C22765A24009E2865 /* testBasket.app */;
			productType = "com.apple.product-type.application";
		};
		6F8A4D8F22765A26009E2865 /* testBasketTests */ = {
			isa = PBXNativeTarget;
			buildConfigurationList = 6F8A4DA722765A26009E2865 /* Build configuration list for PBXNativeTarget "testBasketTests" */;
			buildPhases = (
				6F8A4D8C22765A26009E2865 /* Sources */,
				6F8A4D8D22765A26009E2865 /* Frameworks */,
				6F8A4D8E22765A26009E2865 /* Resources */,
			);
			buildRules = (
			);
			dependencies = (
				6F8A4D9222765A26009E2865 /* PBXTargetDependency */,
			);
			name = testBasketTests;
			productName = testBasketTests;
			productReference = 6F8A4D9022765A26009E2865 /* testBasketTests.xctest */;
			productType = "com.apple.product-type.bundle.unit-test";
		};
		6F8A4D9A22765A26009E2865 /* testBasketUITests */ = {
			isa = PBXNativeTarget;
			buildConfigurationList = 6F8A4DAA22765A26009E2865 /* Build configuration list for PBXNativeTarget "testBasketUITests" */;
			buildPhases = (
				6F8A4D9722765A26009E2865 /* Sources */,
				6F8A4D9822765A26009E2865 /* Frameworks */,
				6F8A4D9922765A26009E2865 /* Resources */,
			);
			buildRules = (
			);
			dependencies = (
				6F8A4D9D22765A26009E2865 /* PBXTargetDependency */,
			);
			name = testBasketUITests;
			productName = testBasketUITests;
			productReference = 6F8A4D9B22765A26009E2865 /* testBasketUITests.xctest */;
			productType = "com.apple.product-type.bundle.ui-testing";
		};
/* End PBXNativeTarget section */

/* Begin PBXProject section */
		6F8A4D7422765A24009E2865 /* Project object */ = {
			isa = PBXProject;
			attributes = {
				LastSwiftUpdateCheck = 1020;
				LastUpgradeCheck = 1020;
				ORGANIZATIONNAME = "Piotr Furmanski";
				TargetAttributes = {
					6F8A4D7B22765A24009E2865 = {
						CreatedOnToolsVersion = 10.2;
					};
					6F8A4D8F22765A26009E2865 = {
						CreatedOnToolsVersion = 10.2;
						TestTargetID = 6F8A4D7B22765A24009E2865;
					};
					6F8A4D9A22765A26009E2865 = {
						CreatedOnToolsVersion = 10.2;
						TestTargetID = 6F8A4D7B22765A24009E2865;
					};
				};
			};
			buildConfigurationList = 6F8A4D7722765A24009E2865 /* Build configuration list for PBXProject "testBasket" */;
			compatibilityVersion = "Xcode 9.3";
			developmentRegion = en;
			hasScannedForEncodings = 0;
			knownRegions = (
				en,
				Base,
			);
			mainGroup = 6F8A4D7322765A24009E2865;
			productRefGroup = 6F8A4D7D22765A24009E2865 /* Products */;
			projectDirPath = "";
			projectRoot = "";
			targets = (
				6F8A4D7B22765A24009E2865 /* testBasket */,
				6F8A4D8F22765A26009E2865 /* testBasketTests */,
				6F8A4D9A22765A26009E2865 /* testBasketUITests */,
			);
		};
/* End PBXProject section */

/* Begin PBXResourcesBuildPhase section */
		6F8A4D7A22765A24009E2865 /* Resources */ = {
			isa = PBXResourcesBuildPhase;
			buildActionMask = 2147483647;
			files = (
				6F8A4D8A22765A26009E2865 /* LaunchScreen.storyboard in Resources */,
				6F8A4D8722765A26009E2865 /* Assets.xcassets in Resources */,
				6F8A4D8522765A24009E2865 /* Main.storyboard in Resources */,
			);
			runOnlyForDeploymentPostprocessing = 0;
		};
		6F8A4D8E22765A26009E2865 /* Resources */ = {
			isa = PBXResourcesBuildPhase;
			buildActionMask = 2147483647;
			files = (
			);
			runOnlyForDeploymentPostprocessing = 0;
		};
		6F8A4D9922765A26009E2865 /* Resources */ = {
			isa = PBXResourcesBuildPhase;
			buildActionMask = 2147483647;
			files = (
			);
			runOnlyForDeploymentPostprocessing = 0;
		};
/* End PBXResourcesBuildPhase section */

/* Begin PBXSourcesBuildPhase section */
		6F8A4D7822765A24009E2865 /* Sources */ = {
			isa = PBXSourcesBuildPhase;
			buildActionMask = 2147483647;
			files = (
				6F85AB612278E6EE006FDC6A /* ShopCellPresenter.swift in Sources */,
				6F8A4DB22276600C009E2865 /* CurrencyPairs.swift in Sources */,
				6F85AB702278F6CB006FDC6A /* BasketPresenter.swift in Sources */,
				6F3EA24F2277B387009F6354 /* ShopViewCell.swift in Sources */,
				6F85AB742279018E006FDC6A /* CurrencyCell.swift in Sources */,
				6F85AB642278F1B6006FDC6A /* UIButton+Extension.swift in Sources */,
				6F8A4D8222765A24009E2865 /* ShopViewController.swift in Sources */,
				6F3EA24D2277B0CD009F6354 /* ShopItem.swift in Sources */,
				6F8A4D8022765A24009E2865 /* AppDelegate.swift in Sources */,
				6F85AB662278F52C006FDC6A /* BasketViewController.swift in Sources */,
				6F85AB5E2278E3F6006FDC6A /* UITextField+Extension.swift in Sources */,
				6F85AB722278FB76006FDC6A /* BasketCell.swift in Sources */,
				6F85AB7622790341006FDC6A /* CurrencyPairModel.swift in Sources */,
				6F8A4DB022765E82009E2865 /* CurrencyService.swift in Sources */,
				6F8A4DB42276695D009E2865 /* ShopPresenter.swift in Sources */,
			);
			runOnlyForDeploymentPostprocessing = 0;
		};
		6F8A4D8C22765A26009E2865 /* Sources */ = {
			isa = PBXSourcesBuildPhase;
			buildActionMask = 2147483647;
			files = (
				6F8A4D9522765A26009E2865 /* testBasketTests.swift in Sources */,
			);
			runOnlyForDeploymentPostprocessing = 0;
		};
		6F8A4D9722765A26009E2865 /* Sources */ = {
			isa = PBXSourcesBuildPhase;
			buildActionMask = 2147483647;
			files = (
				6F8A4DA022765A26009E2865 /* testBasketUITests.swift in Sources */,
			);
			runOnlyForDeploymentPostprocessing = 0;
		};
/* End PBXSourcesBuildPhase section */

/* Begin PBXTargetDependency section */
		6F8A4D9222765A26009E2865 /* PBXTargetDependency */ = {
			isa = PBXTargetDependency;
			target = 6F8A4D7B22765A24009E2865 /* testBasket */;
			targetProxy = 6F8A4D9122765A26009E2865 /* PBXContainerItemProxy */;
		};
		6F8A4D9D22765A26009E2865 /* PBXTargetDependency */ = {
			isa = PBXTargetDependency;
			target = 6F8A4D7B22765A24009E2865 /* testBasket */;
			targetProxy = 6F8A4D9C22765A26009E2865 /* PBXContainerItemProxy */;
		};
/* End PBXTargetDependency section */

/* Begin PBXVariantGroup section */
		6F8A4D8322765A24009E2865 /* Main.storyboard */ = {
			isa = PBXVariantGroup;
			children = (
				6F8A4D8422765A24009E2865 /* Base */,
			);
			name = Main.storyboard;
			sourceTree = "<group>";
		};
		6F8A4D8822765A26009E2865 /* LaunchScreen.storyboard */ = {
			isa = PBXVariantGroup;
			children = (
				6F8A4D8922765A26009E2865 /* Base */,
			);
			name = LaunchScreen.storyboard;
			sourceTree = "<group>";
		};
/* End PBXVariantGroup section */

/* Begin XCBuildConfiguration section */
		6F8A4DA222765A26009E2865 /* Debug */ = {
			isa = XCBuildConfiguration;
			buildSettings = {
				ALWAYS_SEARCH_USER_PATHS = NO;
				CLANG_ANALYZER_NONNULL = YES;
				CLANG_ANALYZER_NUMBER_OBJECT_CONVERSION = YES_AGGRESSIVE;
				CLANG_CXX_LANGUAGE_STANDARD = "gnu++14";
				CLANG_CXX_LIBRARY = "libc++";
				CLANG_ENABLE_MODULES = YES;
				CLANG_ENABLE_OBJC_ARC = YES;
				CLANG_ENABLE_OBJC_WEAK = YES;
				CLANG_WARN_BLOCK_CAPTURE_AUTORELEASING = YES;
				CLANG_WARN_BOOL_CONVERSION = YES;
				CLANG_WARN_COMMA = YES;
				CLANG_WARN_CONSTANT_CONVERSION = YES;
				CLANG_WARN_DEPRECATED_OBJC_IMPLEMENTATIONS = YES;
				CLANG_WARN_DIRECT_OBJC_ISA_USAGE = YES_ERROR;
				CLANG_WARN_DOCUMENTATION_COMMENTS = YES;
				CLANG_WARN_EMPTY_BODY = YES;
				CLANG_WARN_ENUM_CONVERSION = YES;
				CLANG_WARN_INFINITE_RECURSION = YES;
				CLANG_WARN_INT_CONVERSION = YES;
				CLANG_WARN_NON_LITERAL_NULL_CONVERSION = YES;
				CLANG_WARN_OBJC_IMPLICIT_RETAIN_SELF = YES;
				CLANG_WARN_OBJC_LITERAL_CONVERSION = YES;
				CLANG_WARN_OBJC_ROOT_CLASS = YES_ERROR;
				CLANG_WARN_RANGE_LOOP_ANALYSIS = YES;
				CLANG_WARN_STRICT_PROTOTYPES = YES;
				CLANG_WARN_SUSPICIOUS_MOVE = YES;
				CLANG_WARN_UNGUARDED_AVAILABILITY = YES_AGGRESSIVE;
				CLANG_WARN_UNREACHABLE_CODE = YES;
				CLANG_WARN__DUPLICATE_METHOD_MATCH = YES;
				CODE_SIGN_IDENTITY = "iPhone Developer";
				COPY_PHASE_STRIP = NO;
				DEBUG_INFORMATION_FORMAT = dwarf;
				ENABLE_STRICT_OBJC_MSGSEND = YES;
				ENABLE_TESTABILITY = YES;
				GCC_C_LANGUAGE_STANDARD = gnu11;
				GCC_DYNAMIC_NO_PIC = NO;
				GCC_NO_COMMON_BLOCKS = YES;
				GCC_OPTIMIZATION_LEVEL = 0;
				GCC_PREPROCESSOR_DEFINITIONS = (
					"DEBUG=1",
					"$(inherited)",
				);
				GCC_WARN_64_TO_32_BIT_CONVERSION = YES;
				GCC_WARN_ABOUT_RETURN_TYPE = YES_ERROR;
				GCC_WARN_UNDECLARED_SELECTOR = YES;
				GCC_WARN_UNINITIALIZED_AUTOS = YES_AGGRESSIVE;
				GCC_WARN_UNUSED_FUNCTION = YES;
				GCC_WARN_UNUSED_VARIABLE = YES;
				IPHONEOS_DEPLOYMENT_TARGET = 12.2;
				MTL_ENABLE_DEBUG_INFO = INCLUDE_SOURCE;
				MTL_FAST_MATH = YES;
				ONLY_ACTIVE_ARCH = YES;
				SDKROOT = iphoneos;
				SWIFT_ACTIVE_COMPILATION_CONDITIONS = DEBUG;
				SWIFT_OPTIMIZATION_LEVEL = "-Onone";
			};
			name = Debug;
		};
		6F8A4DA322765A26009E2865 /* Release */ = {
			isa = XCBuildConfiguration;
			buildSettings = {
				ALWAYS_SEARCH_USER_PATHS = NO;
				CLANG_ANALYZER_NONNULL = YES;
				CLANG_ANALYZER_NUMBER_OBJECT_CONVERSION = YES_AGGRESSIVE;
				CLANG_CXX_LANGUAGE_STANDARD = "gnu++14";
				CLANG_CXX_LIBRARY = "libc++";
				CLANG_ENABLE_MODULES = YES;
				CLANG_ENABLE_OBJC_ARC = YES;
				CLANG_ENABLE_OBJC_WEAK = YES;
				CLANG_WARN_BLOCK_CAPTURE_AUTORELEASING = YES;
				CLANG_WARN_BOOL_CONVERSION = YES;
				CLANG_WARN_COMMA = YES;
				CLANG_WARN_CONSTANT_CONVERSION = YES;
				CLANG_WARN_DEPRECATED_OBJC_IMPLEMENTATIONS = YES;
				CLANG_WARN_DIRECT_OBJC_ISA_USAGE = YES_ERROR;
				CLANG_WARN_DOCUMENTATION_COMMENTS = YES;
				CLANG_WARN_EMPTY_BODY = YES;
				CLANG_WARN_ENUM_CONVERSION = YES;
				CLANG_WARN_INFINITE_RECURSION = YES;
				CLANG_WARN_INT_CONVERSION = YES;
				CLANG_WARN_NON_LITERAL_NULL_CONVERSION = YES;
				CLANG_WARN_OBJC_IMPLICIT_RETAIN_SELF = YES;
				CLANG_WARN_OBJC_LITERAL_CONVERSION = YES;
				CLANG_WARN_OBJC_ROOT_CLASS = YES_ERROR;
				CLANG_WARN_RANGE_LOOP_ANALYSIS = YES;
				CLANG_WARN_STRICT_PROTOTYPES = YES;
				CLANG_WARN_SUSPICIOUS_MOVE = YES;
				CLANG_WARN_UNGUARDED_AVAILABILITY = YES_AGGRESSIVE;
				CLANG_WARN_UNREACHABLE_CODE = YES;
				CLANG_WARN__DUPLICATE_METHOD_MATCH = YES;
				CODE_SIGN_IDENTITY = "iPhone Developer";
				COPY_PHASE_STRIP = NO;
				DEBUG_INFORMATION_FORMAT = "dwarf-with-dsym";
				ENABLE_NS_ASSERTIONS = NO;
				ENABLE_STRICT_OBJC_MSGSEND = YES;
				GCC_C_LANGUAGE_STANDARD = gnu11;
				GCC_NO_COMMON_BLOCKS = YES;
				GCC_WARN_64_TO_32_BIT_CONVERSION = YES;
				GCC_WARN_ABOUT_RETURN_TYPE = YES_ERROR;
				GCC_WARN_UNDECLARED_SELECTOR = YES;
				GCC_WARN_UNINITIALIZED_AUTOS = YES_AGGRESSIVE;
				GCC_WARN_UNUSED_FUNCTION = YES;
				GCC_WARN_UNUSED_VARIABLE = YES;
				IPHONEOS_DEPLOYMENT_TARGET = 12.2;
				MTL_ENABLE_DEBUG_INFO = NO;
				MTL_FAST_MATH = YES;
				SDKROOT = iphoneos;
				SWIFT_COMPILATION_MODE = wholemodule;
				SWIFT_OPTIMIZATION_LEVEL = "-O";
				VALIDATE_PRODUCT = YES;
			};
			name = Release;
		};
		6F8A4DA522765A26009E2865 /* Debug */ = {
			isa = XCBuildConfiguration;
			buildSettings = {
				ASSETCATALOG_COMPILER_APPICON_NAME = AppIcon;
				CODE_SIGN_STYLE = Automatic;
				DEVELOPMENT_TEAM = 6GX9AQ665K;
				INFOPLIST_FILE = testBasket/Info.plist;
				LD_RUNPATH_SEARCH_PATHS = (
					"$(inherited)",
					"@executable_path/Frameworks",
				);
				PRODUCT_BUNDLE_IDENTIFIER = com.pfurmans.testBasket;
				PRODUCT_NAME = "$(TARGET_NAME)";
				SWIFT_VERSION = 5.0;
				TARGETED_DEVICE_FAMILY = "1,2";
			};
			name = Debug;
		};
		6F8A4DA622765A26009E2865 /* Release */ = {
			isa = XCBuildConfiguration;
			buildSettings = {
				ASSETCATALOG_COMPILER_APPICON_NAME = AppIcon;
				CODE_SIGN_STYLE = Automatic;
				DEVELOPMENT_TEAM = 6GX9AQ665K;
				INFOPLIST_FILE = testBasket/Info.plist;
				LD_RUNPATH_SEARCH_PATHS = (
					"$(inherited)",
					"@executable_path/Frameworks",
				);
				PRODUCT_BUNDLE_IDENTIFIER = com.pfurmans.testBasket;
				PRODUCT_NAME = "$(TARGET_NAME)";
				SWIFT_VERSION = 5.0;
				TARGETED_DEVICE_FAMILY = "1,2";
			};
			name = Release;
		};
		6F8A4DA822765A26009E2865 /* Debug */ = {
			isa = XCBuildConfiguration;
			buildSettings = {
				ALWAYS_EMBED_SWIFT_STANDARD_LIBRARIES = YES;
				BUNDLE_LOADER = "$(TEST_HOST)";
				CODE_SIGN_STYLE = Automatic;
				DEVELOPMENT_TEAM = 6GX9AQ665K;
				INFOPLIST_FILE = testBasketTests/Info.plist;
				LD_RUNPATH_SEARCH_PATHS = (
					"$(inherited)",
					"@executable_path/Frameworks",
					"@loader_path/Frameworks",
				);
				PRODUCT_BUNDLE_IDENTIFIER = com.pfurmans.testBasketTests;
				PRODUCT_NAME = "$(TARGET_NAME)";
				SWIFT_VERSION = 5.0;
				TARGETED_DEVICE_FAMILY = "1,2";
				TEST_HOST = "$(BUILT_PRODUCTS_DIR)/testBasket.app/testBasket";
			};
			name = Debug;
		};
		6F8A4DA922765A26009E2865 /* Release */ = {
			isa = XCBuildConfiguration;
			buildSettings = {
				ALWAYS_EMBED_SWIFT_STANDARD_LIBRARIES = YES;
				BUNDLE_LOADER = "$(TEST_HOST)";
				CODE_SIGN_STYLE = Automatic;
				DEVELOPMENT_TEAM = 6GX9AQ665K;
				INFOPLIST_FILE = testBasketTests/Info.plist;
				LD_RUNPATH_SEARCH_PATHS = (
					"$(inherited)",
					"@executable_path/Frameworks",
					"@loader_path/Frameworks",
				);
				PRODUCT_BUNDLE_IDENTIFIER = com.pfurmans.testBasketTests;
				PRODUCT_NAME = "$(TARGET_NAME)";
				SWIFT_VERSION = 5.0;
				TARGETED_DEVICE_FAMILY = "1,2";
				TEST_HOST = "$(BUILT_PRODUCTS_DIR)/testBasket.app/testBasket";
			};
			name = Release;
		};
		6F8A4DAB22765A26009E2865 /* Debug */ = {
			isa = XCBuildConfiguration;
			buildSettings = {
				ALWAYS_EMBED_SWIFT_STANDARD_LIBRARIES = YES;
				CODE_SIGN_STYLE = Automatic;
				DEVELOPMENT_TEAM = 6GX9AQ665K;
				INFOPLIST_FILE = testBasketUITests/Info.plist;
				LD_RUNPATH_SEARCH_PATHS = (
					"$(inherited)",
					"@executable_path/Frameworks",
					"@loader_path/Frameworks",
				);
				PRODUCT_BUNDLE_IDENTIFIER = com.pfurmans.testBasketUITests;
				PRODUCT_NAME = "$(TARGET_NAME)";
				SWIFT_VERSION = 5.0;
				TARGETED_DEVICE_FAMILY = "1,2";
				TEST_TARGET_NAME = testBasket;
			};
			name = Debug;
		};
		6F8A4DAC22765A26009E2865 /* Release */ = {
			isa = XCBuildConfiguration;
			buildSettings = {
				ALWAYS_EMBED_SWIFT_STANDARD_LIBRARIES = YES;
				CODE_SIGN_STYLE = Automatic;
				DEVELOPMENT_TEAM = 6GX9AQ665K;
				INFOPLIST_FILE = testBasketUITests/Info.plist;
				LD_RUNPATH_SEARCH_PATHS = (
					"$(inherited)",
					"@executable_path/Frameworks",
					"@loader_path/Frameworks",
				);
				PRODUCT_BUNDLE_IDENTIFIER = com.pfurmans.testBasketUITests;
				PRODUCT_NAME = "$(TARGET_NAME)";
				SWIFT_VERSION = 5.0;
				TARGETED_DEVICE_FAMILY = "1,2";
				TEST_TARGET_NAME = testBasket;
			};
			name = Release;
		};
/* End XCBuildConfiguration section */

/* Begin XCConfigurationList section */
		6F8A4D7722765A24009E2865 /* Build configuration list for PBXProject "testBasket" */ = {
			isa = XCConfigurationList;
			buildConfigurations = (
				6F8A4DA222765A26009E2865 /* Debug */,
				6F8A4DA322765A26009E2865 /* Release */,
			);
			defaultConfigurationIsVisible = 0;
			defaultConfigurationName = Release;
		};
		6F8A4DA422765A26009E2865 /* Build configuration list for PBXNativeTarget "testBasket" */ = {
			isa = XCConfigurationList;
			buildConfigurations = (
				6F8A4DA522765A26009E2865 /* Debug */,
				6F8A4DA622765A26009E2865 /* Release */,
			);
			defaultConfigurationIsVisible = 0;
			defaultConfigurationName = Release;
		};
		6F8A4DA722765A26009E2865 /* Build configuration list for PBXNativeTarget "testBasketTests" */ = {
			isa = XCConfigurationList;
			buildConfigurations = (
				6F8A4DA822765A26009E2865 /* Debug */,
				6F8A4DA922765A26009E2865 /* Release */,
			);
			defaultConfigurationIsVisible = 0;
			defaultConfigurationName = Release;
		};
		6F8A4DAA22765A26009E2865 /* Build configuration list for PBXNativeTarget "testBasketUITests" */ = {
			isa = XCConfigurationList;
			buildConfigurations = (
				6F8A4DAB22765A26009E2865 /* Debug */,
				6F8A4DAC22765A26009E2865 /* Release */,
			);
			defaultConfigurationIsVisible = 0;
			defaultConfigurationName = Release;
		};
/* End XCConfigurationList section */
	};
	rootObject = 6F8A4D7422765A24009E2865 /* Project object */;
}
